
Microsoft Visual Studio Solution File, Format Version 12.00
# Visual Studio Version 17
VisualStudioVersion = 17.7.34202.233
MinimumVisualStudioVersion = 10.0.40219.1
Project("{FAE04EC0-301F-11D3-BF4B-00C04F79EFBC}") = "EMPPS", "EMPPS\EMPPS.csproj", "{25F6AD82-07A1-4890-AB25-4D1489C44C1A}"
EndProject
Global
	GlobalSection(SolutionConfigurationPlatforms) = preSolution
		Debug|Any CPU = Debug|Any CPU
		Release|Any CPU = Release|Any CPU
	EndGlobalSection
	GlobalSection(ProjectConfigurationPlatforms) = postSolution
		{25F6AD82-07A1-4890-AB25-4D1489C44C1A}.Debug|Any CPU.ActiveCfg = Debug|Any CPU
		{25F6AD82-07A1-4890-AB25-4D1489C44C1A}.Debug|Any CPU.Build.0 = Debug|Any CPU
		{25F6AD82-07A1-4890-AB25-4D1489C44C1A}.Release|Any CPU.ActiveCfg = Release|Any CPU
		{25F6AD82-07A1-4890-AB25-4D1489C44C1A}.Release|Any CPU.Build.0 = Release|Any CPU
	EndGlobalSection
	GlobalSection(SolutionProperties) = preSolution
		HideSolutionNode = FALSE
	EndGlobalSection
	GlobalSection(ExtensibilityGlobals) = postSolution
		SolutionGuid = {04A34EC8-F6FA-4853-A99A-DEC39F93C191}
	EndGlobalSection
EndGlobal
